
Microsoft Visual Studio Solution File, Format Version 12.00
# Visual Studio 15
VisualStudioVersion = 15.0.27004.2002
MinimumVisualStudioVersion = 10.0.40219.1
Project("{2150E333-8FDC-42A3-9474-1A3956D46DE8}") = "src", "src", "{481676B6-B88D-455F-98CD-59EFDCE4AA6C}"
EndProject
Project("{2150E333-8FDC-42A3-9474-1A3956D46DE8}") = "tests", "tests", "{C25E0CEE-B448-42F7-AE18-13A10991D4B6}"
EndProject
Project("{FAE04EC0-301F-11D3-BF4B-00C04F79EFBC}") = "GT86Registry.Core", "src\GT86Registry.Core\GT86Registry.Core.csproj", "{9A7C761E-37CB-4783-A636-82A84FFE3048}"
EndProject
Project("{FAE04EC0-301F-11D3-BF4B-00C04F79EFBC}") = "GT86Registry.Infrastructure", "src\GT86Registry.Infrastructure\GT86Registry.Infrastructure.csproj", "{CC03D280-C693-4199-A18B-CA7E2FC0DCE9}"
EndProject
Project("{FAE04EC0-301F-11D3-BF4B-00C04F79EFBC}") = "GT86Registry.Web", "src\GT86Registry.Web\GT86Registry.Web.csproj", "{7447C5FF-619E-4CF6-842C-64B5152DBA09}"
EndProject
Global
	GlobalSection(SolutionConfigurationPlatforms) = preSolution
		Debug|Any CPU = Debug|Any CPU
		Release|Any CPU = Release|Any CPU
	EndGlobalSection
	GlobalSection(ProjectConfigurationPlatforms) = postSolution
		{9A7C761E-37CB-4783-A636-82A84FFE3048}.Debug|Any CPU.ActiveCfg = Debug|Any CPU
		{9A7C761E-37CB-4783-A636-82A84FFE3048}.Debug|Any CPU.Build.0 = Debug|Any CPU
		{9A7C761E-37CB-4783-A636-82A84FFE3048}.Release|Any CPU.ActiveCfg = Release|Any CPU
		{9A7C761E-37CB-4783-A636-82A84FFE3048}.Release|Any CPU.Build.0 = Release|Any CPU
		{CC03D280-C693-4199-A18B-CA7E2FC0DCE9}.Debug|Any CPU.ActiveCfg = Debug|Any CPU
		{CC03D280-C693-4199-A18B-CA7E2FC0DCE9}.Debug|Any CPU.Build.0 = Debug|Any CPU
		{CC03D280-C693-4199-A18B-CA7E2FC0DCE9}.Release|Any CPU.ActiveCfg = Release|Any CPU
		{CC03D280-C693-4199-A18B-CA7E2FC0DCE9}.Release|Any CPU.Build.0 = Release|Any CPU
		{7447C5FF-619E-4CF6-842C-64B5152DBA09}.Debug|Any CPU.ActiveCfg = Debug|Any CPU
		{7447C5FF-619E-4CF6-842C-64B5152DBA09}.Debug|Any CPU.Build.0 = Debug|Any CPU
		{7447C5FF-619E-4CF6-842C-64B5152DBA09}.Release|Any CPU.ActiveCfg = Release|Any CPU
		{7447C5FF-619E-4CF6-842C-64B5152DBA09}.Release|Any CPU.Build.0 = Release|Any CPU
	EndGlobalSection
	GlobalSection(SolutionProperties) = preSolution
		HideSolutionNode = FALSE
	EndGlobalSection
	GlobalSection(NestedProjects) = preSolution
		{9A7C761E-37CB-4783-A636-82A84FFE3048} = {481676B6-B88D-455F-98CD-59EFDCE4AA6C}
		{CC03D280-C693-4199-A18B-CA7E2FC0DCE9} = {481676B6-B88D-455F-98CD-59EFDCE4AA6C}
		{7447C5FF-619E-4CF6-842C-64B5152DBA09} = {481676B6-B88D-455F-98CD-59EFDCE4AA6C}
	EndGlobalSection
	GlobalSection(ExtensibilityGlobals) = postSolution
		SolutionGuid = {DB7CD55A-B7EA-4A2F-9ADA-782F60011671}
	EndGlobalSection
EndGlobal
