
Microsoft Visual Studio Solution File, Format Version 12.00
# Visual Studio 15
VisualStudioVersion = 15.0.27004.2002
MinimumVisualStudioVersion = 10.0.40219.1
Project("{2150E333-8FDC-42A3-9474-1A3956D46DE8}") = "src", "src", "{481676B6-B88D-455F-98CD-59EFDCE4AA6C}"
EndProject
Project("{2150E333-8FDC-42A3-9474-1A3956D46DE8}") = "test", "test", "{C25E0CEE-B448-42F7-AE18-13A10991D4B6}"
EndProject
Project("{9A19103F-16F7-4668-BE54-9A1E7A4F7556}") = "GT86Registry.Core", "GT86Registry.Core\GT86Registry.Core.csproj", "{B44696C3-7C28-4D5A-9578-CF80D6C372BB}"
EndProject
Project("{9A19103F-16F7-4668-BE54-9A1E7A4F7556}") = "GT86Registry.Infrastructure", "GT86Registry.Infrastructure\GT86Registry.Infrastructure.csproj", "{9FC157A6-E213-46B2-872A-8E967AC3C37A}"
EndProject
Project("{9A19103F-16F7-4668-BE54-9A1E7A4F7556}") = "GT86Registry.Web", "GT86Registry.Web\GT86Registry.Web.csproj", "{6A0ACB86-92DD-4CA6-93B4-7242AF1F7E09}"
EndProject
Project("{9A19103F-16F7-4668-BE54-9A1E7A4F7556}") = "GT86Registry.WebAPI", "GT86Registry.WebAPI\GT86Registry.WebAPI.csproj", "{1216ACEA-7DB3-4707-BB42-FB8F396BD12C}"
EndProject
Project("{FAE04EC0-301F-11D3-BF4B-00C04F79EFBC}") = "Core", "Core\Core.csproj", "{6C69E30F-5779-4B64-B055-AE456EE990EE}"
EndProject
Global
	GlobalSection(SolutionConfigurationPlatforms) = preSolution
		Debug|Any CPU = Debug|Any CPU
		Release|Any CPU = Release|Any CPU
	EndGlobalSection
	GlobalSection(ProjectConfigurationPlatforms) = postSolution
		{B44696C3-7C28-4D5A-9578-CF80D6C372BB}.Debug|Any CPU.ActiveCfg = Debug|Any CPU
		{B44696C3-7C28-4D5A-9578-CF80D6C372BB}.Debug|Any CPU.Build.0 = Debug|Any CPU
		{B44696C3-7C28-4D5A-9578-CF80D6C372BB}.Release|Any CPU.ActiveCfg = Release|Any CPU
		{B44696C3-7C28-4D5A-9578-CF80D6C372BB}.Release|Any CPU.Build.0 = Release|Any CPU
		{9FC157A6-E213-46B2-872A-8E967AC3C37A}.Debug|Any CPU.ActiveCfg = Debug|Any CPU
		{9FC157A6-E213-46B2-872A-8E967AC3C37A}.Debug|Any CPU.Build.0 = Debug|Any CPU
		{9FC157A6-E213-46B2-872A-8E967AC3C37A}.Release|Any CPU.ActiveCfg = Release|Any CPU
		{9FC157A6-E213-46B2-872A-8E967AC3C37A}.Release|Any CPU.Build.0 = Release|Any CPU
		{6A0ACB86-92DD-4CA6-93B4-7242AF1F7E09}.Debug|Any CPU.ActiveCfg = Debug|Any CPU
		{6A0ACB86-92DD-4CA6-93B4-7242AF1F7E09}.Debug|Any CPU.Build.0 = Debug|Any CPU
		{6A0ACB86-92DD-4CA6-93B4-7242AF1F7E09}.Release|Any CPU.ActiveCfg = Release|Any CPU
		{6A0ACB86-92DD-4CA6-93B4-7242AF1F7E09}.Release|Any CPU.Build.0 = Release|Any CPU
		{1216ACEA-7DB3-4707-BB42-FB8F396BD12C}.Debug|Any CPU.ActiveCfg = Debug|Any CPU
		{1216ACEA-7DB3-4707-BB42-FB8F396BD12C}.Debug|Any CPU.Build.0 = Debug|Any CPU
		{1216ACEA-7DB3-4707-BB42-FB8F396BD12C}.Release|Any CPU.ActiveCfg = Release|Any CPU
		{1216ACEA-7DB3-4707-BB42-FB8F396BD12C}.Release|Any CPU.Build.0 = Release|Any CPU
		{6C69E30F-5779-4B64-B055-AE456EE990EE}.Debug|Any CPU.ActiveCfg = Debug|Any CPU
		{6C69E30F-5779-4B64-B055-AE456EE990EE}.Debug|Any CPU.Build.0 = Debug|Any CPU
		{6C69E30F-5779-4B64-B055-AE456EE990EE}.Release|Any CPU.ActiveCfg = Release|Any CPU
		{6C69E30F-5779-4B64-B055-AE456EE990EE}.Release|Any CPU.Build.0 = Release|Any CPU
	EndGlobalSection
	GlobalSection(SolutionProperties) = preSolution
		HideSolutionNode = FALSE
	EndGlobalSection
	GlobalSection(NestedProjects) = preSolution
		{B44696C3-7C28-4D5A-9578-CF80D6C372BB} = {481676B6-B88D-455F-98CD-59EFDCE4AA6C}
		{9FC157A6-E213-46B2-872A-8E967AC3C37A} = {481676B6-B88D-455F-98CD-59EFDCE4AA6C}
		{6A0ACB86-92DD-4CA6-93B4-7242AF1F7E09} = {481676B6-B88D-455F-98CD-59EFDCE4AA6C}
		{1216ACEA-7DB3-4707-BB42-FB8F396BD12C} = {481676B6-B88D-455F-98CD-59EFDCE4AA6C}
		{6C69E30F-5779-4B64-B055-AE456EE990EE} = {C25E0CEE-B448-42F7-AE18-13A10991D4B6}
	EndGlobalSection
	GlobalSection(ExtensibilityGlobals) = postSolution
		SolutionGuid = {DB7CD55A-B7EA-4A2F-9ADA-782F60011671}
	EndGlobalSection
EndGlobal
